
Microsoft Visual Studio Solution File, Format Version 12.00
# Visual Studio 15
VisualStudioVersion = 15.0.28307.572
MinimumVisualStudioVersion = 10.0.40219.1
Project("{8BC9CEB8-8B4A-11D0-8D11-00A0C91BC942}") = "顺序表", "数据结构\数据结构.vcxproj", "{EC5AEDB8-D8EF-4776-8E19-5F7D9550E9BE}"
EndProject
Project("{8BC9CEB8-8B4A-11D0-8D11-00A0C91BC942}") = "单链表的", "单链表的\单链表的.vcxproj", "{7E1E96EE-B29C-4B76-910C-D34FBC8439D1}"
EndProject
Project("{8BC9CEB8-8B4A-11D0-8D11-00A0C91BC942}") = "树", "树\树.vcxproj", "{753EA51D-0468-4270-8026-5F5E17835229}"
EndProject
Project("{8BC9CEB8-8B4A-11D0-8D11-00A0C91BC942}") = "图", "图\图.vcxproj", "{8293CC75-63D0-4213-BBE7-E75C0750F1B2}"
EndProject
Project("{8BC9CEB8-8B4A-11D0-8D11-00A0C91BC942}") = "数据结构作业-词频统计", "数据结构作业-词频统计\数据结构作业-词频统计.vcxproj", "{ACDE82E0-D20E-40F2-B511-3A18B5165AAD}"
EndProject
Global
	GlobalSection(SolutionConfigurationPlatforms) = preSolution
		Debug|x64 = Debug|x64
		Debug|x86 = Debug|x86
		Release|x64 = Release|x64
		Release|x86 = Release|x86
	EndGlobalSection
	GlobalSection(ProjectConfigurationPlatforms) = postSolution
		{EC5AEDB8-D8EF-4776-8E19-5F7D9550E9BE}.Debug|x64.ActiveCfg = Debug|x64
		{EC5AEDB8-D8EF-4776-8E19-5F7D9550E9BE}.Debug|x64.Build.0 = Debug|x64
		{EC5AEDB8-D8EF-4776-8E19-5F7D9550E9BE}.Debug|x86.ActiveCfg = Debug|Win32
		{EC5AEDB8-D8EF-4776-8E19-5F7D9550E9BE}.Debug|x86.Build.0 = Debug|Win32
		{EC5AEDB8-D8EF-4776-8E19-5F7D9550E9BE}.Release|x64.ActiveCfg = Release|x64
		{EC5AEDB8-D8EF-4776-8E19-5F7D9550E9BE}.Release|x64.Build.0 = Release|x64
		{EC5AEDB8-D8EF-4776-8E19-5F7D9550E9BE}.Release|x86.ActiveCfg = Release|Win32
		{EC5AEDB8-D8EF-4776-8E19-5F7D9550E9BE}.Release|x86.Build.0 = Release|Win32
		{7E1E96EE-B29C-4B76-910C-D34FBC8439D1}.Debug|x64.ActiveCfg = Debug|x64
		{7E1E96EE-B29C-4B76-910C-D34FBC8439D1}.Debug|x64.Build.0 = Debug|x64
		{7E1E96EE-B29C-4B76-910C-D34FBC8439D1}.Debug|x86.ActiveCfg = Debug|Win32
		{7E1E96EE-B29C-4B76-910C-D34FBC8439D1}.Debug|x86.Build.0 = Debug|Win32
		{7E1E96EE-B29C-4B76-910C-D34FBC8439D1}.Release|x64.ActiveCfg = Release|x64
		{7E1E96EE-B29C-4B76-910C-D34FBC8439D1}.Release|x64.Build.0 = Release|x64
		{7E1E96EE-B29C-4B76-910C-D34FBC8439D1}.Release|x86.ActiveCfg = Release|Win32
		{7E1E96EE-B29C-4B76-910C-D34FBC8439D1}.Release|x86.Build.0 = Release|Win32
		{753EA51D-0468-4270-8026-5F5E17835229}.Debug|x64.ActiveCfg = Debug|x64
		{753EA51D-0468-4270-8026-5F5E17835229}.Debug|x64.Build.0 = Debug|x64
		{753EA51D-0468-4270-8026-5F5E17835229}.Debug|x86.ActiveCfg = Debug|Win32
		{753EA51D-0468-4270-8026-5F5E17835229}.Debug|x86.Build.0 = Debug|Win32
		{753EA51D-0468-4270-8026-5F5E17835229}.Release|x64.ActiveCfg = Release|x64
		{753EA51D-0468-4270-8026-5F5E17835229}.Release|x64.Build.0 = Release|x64
		{753EA51D-0468-4270-8026-5F5E17835229}.Release|x86.ActiveCfg = Release|Win32
		{753EA51D-0468-4270-8026-5F5E17835229}.Release|x86.Build.0 = Release|Win32
		{8293CC75-63D0-4213-BBE7-E75C0750F1B2}.Debug|x64.ActiveCfg = Debug|x64
		{8293CC75-63D0-4213-BBE7-E75C0750F1B2}.Debug|x64.Build.0 = Debug|x64
		{8293CC75-63D0-4213-BBE7-E75C0750F1B2}.Debug|x86.ActiveCfg = Debug|Win32
		{8293CC75-63D0-4213-BBE7-E75C0750F1B2}.Debug|x86.Build.0 = Debug|Win32
		{8293CC75-63D0-4213-BBE7-E75C0750F1B2}.Release|x64.ActiveCfg = Release|x64
		{8293CC75-63D0-4213-BBE7-E75C0750F1B2}.Release|x64.Build.0 = Release|x64
		{8293CC75-63D0-4213-BBE7-E75C0750F1B2}.Release|x86.ActiveCfg = Release|Win32
		{8293CC75-63D0-4213-BBE7-E75C0750F1B2}.Release|x86.Build.0 = Release|Win32
		{ACDE82E0-D20E-40F2-B511-3A18B5165AAD}.Debug|x64.ActiveCfg = Debug|x64
		{ACDE82E0-D20E-40F2-B511-3A18B5165AAD}.Debug|x64.Build.0 = Debug|x64
		{ACDE82E0-D20E-40F2-B511-3A18B5165AAD}.Debug|x86.ActiveCfg = Debug|Win32
		{ACDE82E0-D20E-40F2-B511-3A18B5165AAD}.Debug|x86.Build.0 = Debug|Win32
		{ACDE82E0-D20E-40F2-B511-3A18B5165AAD}.Release|x64.ActiveCfg = Release|x64
		{ACDE82E0-D20E-40F2-B511-3A18B5165AAD}.Release|x64.Build.0 = Release|x64
		{ACDE82E0-D20E-40F2-B511-3A18B5165AAD}.Release|x86.ActiveCfg = Release|Win32
		{ACDE82E0-D20E-40F2-B511-3A18B5165AAD}.Release|x86.Build.0 = Release|Win32
	EndGlobalSection
	GlobalSection(SolutionProperties) = preSolution
		HideSolutionNode = FALSE
	EndGlobalSection
	GlobalSection(ExtensibilityGlobals) = postSolution
		SolutionGuid = {FBC357AF-588D-4486-BD6C-36779DAA7EC3}
	EndGlobalSection
EndGlobal
